{
  "name": "swr-eslint-plugin",
  "version": "0.0.1",
  "lockfileVersion": 1,
  "requires": true,
  "dependencies": {
    "@swrlab/swr-prettier-config": {
      "version": "0.0.2",
      "resolved": "https://registry.npmjs.org/@swrlab/swr-prettier-config/-/swr-prettier-config-0.0.2.tgz",
      "integrity": "sha512-NPiEQvDNLAREIHrGkJU6CJoCqLoVjMgM6mL2wDcd1RHq+CaZ/xHtsMfUF/4Ay11BxPSkd4JWjc+pTgypz6U7WQ=="
    }
  }
}
